
Microsoft Visual Studio Solution File, Format Version 12.00
# Visual Studio Version 17
VisualStudioVersion = 17.4.33213.308
MinimumVisualStudioVersion = 10.0.40219.1
Project("{FAE04EC0-301F-11D3-BF4B-00C04F79EFBC}") = "CatalogoFilmes", "CatalogoFilmes\CatalogoFilmes.csproj", "{52572A8A-3914-478B-BB01-8CB8BDE960C5}"
EndProject
Global
	GlobalSection(SolutionConfigurationPlatforms) = preSolution
		Debug|Any CPU = Debug|Any CPU
		Release|Any CPU = Release|Any CPU
	EndGlobalSection
	GlobalSection(ProjectConfigurationPlatforms) = postSolution
		{52572A8A-3914-478B-BB01-8CB8BDE960C5}.Debug|Any CPU.ActiveCfg = Debug|Any CPU
		{52572A8A-3914-478B-BB01-8CB8BDE960C5}.Debug|Any CPU.Build.0 = Debug|Any CPU
		{52572A8A-3914-478B-BB01-8CB8BDE960C5}.Release|Any CPU.ActiveCfg = Release|Any CPU
		{52572A8A-3914-478B-BB01-8CB8BDE960C5}.Release|Any CPU.Build.0 = Release|Any CPU
	EndGlobalSection
	GlobalSection(SolutionProperties) = preSolution
		HideSolutionNode = FALSE
	EndGlobalSection
	GlobalSection(ExtensibilityGlobals) = postSolution
		SolutionGuid = {D112ACD5-D028-4925-BE4E-279A82E229B6}
	EndGlobalSection
EndGlobal
